
Microsoft Visual Studio Solution File, Format Version 12.00
# Visual Studio Version 16
VisualStudioVersion = 16.0.30717.126
MinimumVisualStudioVersion = 10.0.40219.1
Project("{FAE04EC0-301F-11D3-BF4B-00C04F79EFBC}") = "PrimaryTest", "Primary\PrimaryTest.csproj", "{F4550A9F-D849-4FF1-B2BC-EECE6FDC735C}"
EndProject
Project("{FAE04EC0-301F-11D3-BF4B-00C04F79EFBC}") = "PrimaryBase", "PrimaryBase\PrimaryBase.csproj", "{C4DCA66B-5E1E-4BD0-B263-4A20E94F34A4}"
EndProject
Global
	GlobalSection(SolutionConfigurationPlatforms) = preSolution
		Debug|Any CPU = Debug|Any CPU
		Release|Any CPU = Release|Any CPU
	EndGlobalSection
	GlobalSection(ProjectConfigurationPlatforms) = postSolution
		{F4550A9F-D849-4FF1-B2BC-EECE6FDC735C}.Debug|Any CPU.ActiveCfg = Debug|Any CPU
		{F4550A9F-D849-4FF1-B2BC-EECE6FDC735C}.Debug|Any CPU.Build.0 = Debug|Any CPU
		{F4550A9F-D849-4FF1-B2BC-EECE6FDC735C}.Release|Any CPU.ActiveCfg = Release|Any CPU
		{F4550A9F-D849-4FF1-B2BC-EECE6FDC735C}.Release|Any CPU.Build.0 = Release|Any CPU
		{C4DCA66B-5E1E-4BD0-B263-4A20E94F34A4}.Debug|Any CPU.ActiveCfg = Debug|Any CPU
		{C4DCA66B-5E1E-4BD0-B263-4A20E94F34A4}.Debug|Any CPU.Build.0 = Debug|Any CPU
		{C4DCA66B-5E1E-4BD0-B263-4A20E94F34A4}.Release|Any CPU.ActiveCfg = Release|Any CPU
		{C4DCA66B-5E1E-4BD0-B263-4A20E94F34A4}.Release|Any CPU.Build.0 = Release|Any CPU
	EndGlobalSection
	GlobalSection(SolutionProperties) = preSolution
		HideSolutionNode = FALSE
	EndGlobalSection
	GlobalSection(ExtensibilityGlobals) = postSolution
		SolutionGuid = {E78D83A1-4371-4EA4-9831-A8C4036AE196}
	EndGlobalSection
EndGlobal
